
Microsoft Visual Studio Solution File, Format Version 12.00
# Visual Studio Version 17
VisualStudioVersion = 17.14.35806.103 d17.14
MinimumVisualStudioVersion = 10.0.40219.1
Project("{FAE04EC0-301F-11D3-BF4B-00C04F79EFBC}") = "Negative-Positive", "Negative-Positive\Negative-Positive.csproj", "{505E5335-B2FF-49F5-8571-761DBF398915}"
EndProject
Global
	GlobalSection(SolutionConfigurationPlatforms) = preSolution
		Debug|Any CPU = Debug|Any CPU
		Release|Any CPU = Release|Any CPU
	EndGlobalSection
	GlobalSection(ProjectConfigurationPlatforms) = postSolution
		{505E5335-B2FF-49F5-8571-761DBF398915}.Debug|Any CPU.ActiveCfg = Debug|Any CPU
		{505E5335-B2FF-49F5-8571-761DBF398915}.Debug|Any CPU.Build.0 = Debug|Any CPU
		{505E5335-B2FF-49F5-8571-761DBF398915}.Release|Any CPU.ActiveCfg = Release|Any CPU
		{505E5335-B2FF-49F5-8571-761DBF398915}.Release|Any CPU.Build.0 = Release|Any CPU
	EndGlobalSection
	GlobalSection(SolutionProperties) = preSolution
		HideSolutionNode = FALSE
	EndGlobalSection
	GlobalSection(ExtensibilityGlobals) = postSolution
		SolutionGuid = {2817145B-0852-411F-84E4-B61D1E46E64D}
	EndGlobalSection
EndGlobal
